
Microsoft Visual Studio Solution File, Format Version 12.00
# Visual Studio 2013
VisualStudioVersion = 12.0.31101.0
MinimumVisualStudioVersion = 10.0.40219.1
Project("{F2A71F9B-5D33-465A-A702-920D77279786}") = "Samples", "Samples\Samples.fsproj", "{58EA5F42-7B83-4305-944A-EB828AC7AA9A}"
EndProject
Project("{F2A71F9B-5D33-465A-A702-920D77279786}") = "Google Calendar", "Google Calendar\Google Calendar.fsproj", "{6FBF5CE5-0151-4A3F-9866-5881228D0240}"
EndProject
Project("{F2A71F9B-5D33-465A-A702-920D77279786}") = "Google Contacts", "Google Contacts\Google Contacts.fsproj", "{7BA0D998-ED35-4CCA-832C-2319019D09E3}"
EndProject
Project("{F2A71F9B-5D33-465A-A702-920D77279786}") = "Money S4 Companies", "Money S4 Companies\Money S4 Companies.fsproj", "{6A44D1B1-8229-4642-BE68-E5551DCEA5FB}"
EndProject
Project("{F2A71F9B-5D33-465A-A702-920D77279786}") = "Microsoft Dynamics CRM Companies", "Microsoft Dynamics CRM Companies\Microsoft Dynamics CRM Companies.fsproj", "{72FC9CB4-B48F-4557-A290-DC9CF3460B0E}"
EndProject
Project("{F2A71F9B-5D33-465A-A702-920D77279786}") = "HikaShop Companies", "HikaShop Companies\HikaShop Companies.fsproj", "{3860A638-9593-4235-94D9-7B15CBCE9657}"
EndProject
Project("{FAE04EC0-301F-11D3-BF4B-00C04F79EFBC}") = "WorkflowConsoleApplication1", "WorkflowConsoleApplication1\WorkflowConsoleApplication1.csproj", "{BEB169F0-7561-4697-974D-3B6E14E7327D}"
EndProject
Global
	GlobalSection(SolutionConfigurationPlatforms) = preSolution
		Debug|Any CPU = Debug|Any CPU
		Debug|Mixed Platforms = Debug|Mixed Platforms
		Debug|x86 = Debug|x86
		Release|Any CPU = Release|Any CPU
		Release|Mixed Platforms = Release|Mixed Platforms
		Release|x86 = Release|x86
	EndGlobalSection
	GlobalSection(ProjectConfigurationPlatforms) = postSolution
		{58EA5F42-7B83-4305-944A-EB828AC7AA9A}.Debug|Any CPU.ActiveCfg = Debug|Any CPU
		{58EA5F42-7B83-4305-944A-EB828AC7AA9A}.Debug|Any CPU.Build.0 = Debug|Any CPU
		{58EA5F42-7B83-4305-944A-EB828AC7AA9A}.Debug|Mixed Platforms.ActiveCfg = Debug|Any CPU
		{58EA5F42-7B83-4305-944A-EB828AC7AA9A}.Debug|Mixed Platforms.Build.0 = Debug|Any CPU
		{58EA5F42-7B83-4305-944A-EB828AC7AA9A}.Debug|x86.ActiveCfg = Debug|Any CPU
		{58EA5F42-7B83-4305-944A-EB828AC7AA9A}.Release|Any CPU.ActiveCfg = Release|Any CPU
		{58EA5F42-7B83-4305-944A-EB828AC7AA9A}.Release|Any CPU.Build.0 = Release|Any CPU
		{58EA5F42-7B83-4305-944A-EB828AC7AA9A}.Release|Mixed Platforms.ActiveCfg = Release|Any CPU
		{58EA5F42-7B83-4305-944A-EB828AC7AA9A}.Release|Mixed Platforms.Build.0 = Release|Any CPU
		{58EA5F42-7B83-4305-944A-EB828AC7AA9A}.Release|x86.ActiveCfg = Release|Any CPU
		{6FBF5CE5-0151-4A3F-9866-5881228D0240}.Debug|Any CPU.ActiveCfg = Debug|Any CPU
		{6FBF5CE5-0151-4A3F-9866-5881228D0240}.Debug|Any CPU.Build.0 = Debug|Any CPU
		{6FBF5CE5-0151-4A3F-9866-5881228D0240}.Debug|Mixed Platforms.ActiveCfg = Debug|Any CPU
		{6FBF5CE5-0151-4A3F-9866-5881228D0240}.Debug|Mixed Platforms.Build.0 = Debug|Any CPU
		{6FBF5CE5-0151-4A3F-9866-5881228D0240}.Debug|x86.ActiveCfg = Debug|Any CPU
		{6FBF5CE5-0151-4A3F-9866-5881228D0240}.Release|Any CPU.ActiveCfg = Release|Any CPU
		{6FBF5CE5-0151-4A3F-9866-5881228D0240}.Release|Any CPU.Build.0 = Release|Any CPU
		{6FBF5CE5-0151-4A3F-9866-5881228D0240}.Release|Mixed Platforms.ActiveCfg = Release|Any CPU
		{6FBF5CE5-0151-4A3F-9866-5881228D0240}.Release|Mixed Platforms.Build.0 = Release|Any CPU
		{6FBF5CE5-0151-4A3F-9866-5881228D0240}.Release|x86.ActiveCfg = Release|Any CPU
		{7BA0D998-ED35-4CCA-832C-2319019D09E3}.Debug|Any CPU.ActiveCfg = Debug|Any CPU
		{7BA0D998-ED35-4CCA-832C-2319019D09E3}.Debug|Any CPU.Build.0 = Debug|Any CPU
		{7BA0D998-ED35-4CCA-832C-2319019D09E3}.Debug|Mixed Platforms.ActiveCfg = Debug|Any CPU
		{7BA0D998-ED35-4CCA-832C-2319019D09E3}.Debug|Mixed Platforms.Build.0 = Debug|Any CPU
		{7BA0D998-ED35-4CCA-832C-2319019D09E3}.Debug|x86.ActiveCfg = Debug|Any CPU
		{7BA0D998-ED35-4CCA-832C-2319019D09E3}.Release|Any CPU.ActiveCfg = Release|Any CPU
		{7BA0D998-ED35-4CCA-832C-2319019D09E3}.Release|Any CPU.Build.0 = Release|Any CPU
		{7BA0D998-ED35-4CCA-832C-2319019D09E3}.Release|Mixed Platforms.ActiveCfg = Release|Any CPU
		{7BA0D998-ED35-4CCA-832C-2319019D09E3}.Release|Mixed Platforms.Build.0 = Release|Any CPU
		{7BA0D998-ED35-4CCA-832C-2319019D09E3}.Release|x86.ActiveCfg = Release|Any CPU
		{6A44D1B1-8229-4642-BE68-E5551DCEA5FB}.Debug|Any CPU.ActiveCfg = Debug|Any CPU
		{6A44D1B1-8229-4642-BE68-E5551DCEA5FB}.Debug|Any CPU.Build.0 = Debug|Any CPU
		{6A44D1B1-8229-4642-BE68-E5551DCEA5FB}.Debug|Mixed Platforms.ActiveCfg = Debug|Any CPU
		{6A44D1B1-8229-4642-BE68-E5551DCEA5FB}.Debug|Mixed Platforms.Build.0 = Debug|Any CPU
		{6A44D1B1-8229-4642-BE68-E5551DCEA5FB}.Debug|x86.ActiveCfg = Debug|Any CPU
		{6A44D1B1-8229-4642-BE68-E5551DCEA5FB}.Release|Any CPU.ActiveCfg = Release|Any CPU
		{6A44D1B1-8229-4642-BE68-E5551DCEA5FB}.Release|Any CPU.Build.0 = Release|Any CPU
		{6A44D1B1-8229-4642-BE68-E5551DCEA5FB}.Release|Mixed Platforms.ActiveCfg = Release|Any CPU
		{6A44D1B1-8229-4642-BE68-E5551DCEA5FB}.Release|Mixed Platforms.Build.0 = Release|Any CPU
		{6A44D1B1-8229-4642-BE68-E5551DCEA5FB}.Release|x86.ActiveCfg = Release|Any CPU
		{72FC9CB4-B48F-4557-A290-DC9CF3460B0E}.Debug|Any CPU.ActiveCfg = Debug|Any CPU
		{72FC9CB4-B48F-4557-A290-DC9CF3460B0E}.Debug|Any CPU.Build.0 = Debug|Any CPU
		{72FC9CB4-B48F-4557-A290-DC9CF3460B0E}.Debug|Mixed Platforms.ActiveCfg = Debug|Any CPU
		{72FC9CB4-B48F-4557-A290-DC9CF3460B0E}.Debug|Mixed Platforms.Build.0 = Debug|Any CPU
		{72FC9CB4-B48F-4557-A290-DC9CF3460B0E}.Debug|x86.ActiveCfg = Debug|Any CPU
		{72FC9CB4-B48F-4557-A290-DC9CF3460B0E}.Release|Any CPU.ActiveCfg = Release|Any CPU
		{72FC9CB4-B48F-4557-A290-DC9CF3460B0E}.Release|Any CPU.Build.0 = Release|Any CPU
		{72FC9CB4-B48F-4557-A290-DC9CF3460B0E}.Release|Mixed Platforms.ActiveCfg = Release|Any CPU
		{72FC9CB4-B48F-4557-A290-DC9CF3460B0E}.Release|Mixed Platforms.Build.0 = Release|Any CPU
		{72FC9CB4-B48F-4557-A290-DC9CF3460B0E}.Release|x86.ActiveCfg = Release|Any CPU
		{3860A638-9593-4235-94D9-7B15CBCE9657}.Debug|Any CPU.ActiveCfg = Debug|Any CPU
		{3860A638-9593-4235-94D9-7B15CBCE9657}.Debug|Any CPU.Build.0 = Debug|Any CPU
		{3860A638-9593-4235-94D9-7B15CBCE9657}.Debug|Mixed Platforms.ActiveCfg = Debug|Any CPU
		{3860A638-9593-4235-94D9-7B15CBCE9657}.Debug|Mixed Platforms.Build.0 = Debug|Any CPU
		{3860A638-9593-4235-94D9-7B15CBCE9657}.Debug|x86.ActiveCfg = Debug|Any CPU
		{3860A638-9593-4235-94D9-7B15CBCE9657}.Release|Any CPU.ActiveCfg = Release|Any CPU
		{3860A638-9593-4235-94D9-7B15CBCE9657}.Release|Any CPU.Build.0 = Release|Any CPU
		{3860A638-9593-4235-94D9-7B15CBCE9657}.Release|Mixed Platforms.ActiveCfg = Release|Any CPU
		{3860A638-9593-4235-94D9-7B15CBCE9657}.Release|Mixed Platforms.Build.0 = Release|Any CPU
		{3860A638-9593-4235-94D9-7B15CBCE9657}.Release|x86.ActiveCfg = Release|Any CPU
		{BEB169F0-7561-4697-974D-3B6E14E7327D}.Debug|Any CPU.ActiveCfg = Debug|x86
		{BEB169F0-7561-4697-974D-3B6E14E7327D}.Debug|Mixed Platforms.ActiveCfg = Debug|x86
		{BEB169F0-7561-4697-974D-3B6E14E7327D}.Debug|Mixed Platforms.Build.0 = Debug|x86
		{BEB169F0-7561-4697-974D-3B6E14E7327D}.Debug|x86.ActiveCfg = Debug|x86
		{BEB169F0-7561-4697-974D-3B6E14E7327D}.Debug|x86.Build.0 = Debug|x86
		{BEB169F0-7561-4697-974D-3B6E14E7327D}.Release|Any CPU.ActiveCfg = Release|x86
		{BEB169F0-7561-4697-974D-3B6E14E7327D}.Release|Mixed Platforms.ActiveCfg = Release|x86
		{BEB169F0-7561-4697-974D-3B6E14E7327D}.Release|Mixed Platforms.Build.0 = Release|x86
		{BEB169F0-7561-4697-974D-3B6E14E7327D}.Release|x86.ActiveCfg = Release|x86
		{BEB169F0-7561-4697-974D-3B6E14E7327D}.Release|x86.Build.0 = Release|x86
	EndGlobalSection
	GlobalSection(SolutionProperties) = preSolution
		HideSolutionNode = FALSE
	EndGlobalSection
EndGlobal
