
Microsoft Visual Studio Solution File, Format Version 12.00
# Visual Studio 2013
VisualStudioVersion = 12.0.31101.0
MinimumVisualStudioVersion = 10.0.40219.1
Project("{F2A71F9B-5D33-465A-A702-920D77279786}") = "Samples", "Samples\Samples.fsproj", "{58EA5F42-7B83-4305-944A-EB828AC7AA9A}"
EndProject
Project("{F2A71F9B-5D33-465A-A702-920D77279786}") = "Google Calendar", "Google Calendar\Google Calendar.fsproj", "{6FBF5CE5-0151-4A3F-9866-5881228D0240}"
EndProject
Project("{F2A71F9B-5D33-465A-A702-920D77279786}") = "Google Contacts", "Google Contacts\Google Contacts.fsproj", "{7BA0D998-ED35-4CCA-832C-2319019D09E3}"
EndProject
Global
	GlobalSection(SolutionConfigurationPlatforms) = preSolution
		Debug|Any CPU = Debug|Any CPU
		Release|Any CPU = Release|Any CPU
	EndGlobalSection
	GlobalSection(ProjectConfigurationPlatforms) = postSolution
		{58EA5F42-7B83-4305-944A-EB828AC7AA9A}.Debug|Any CPU.ActiveCfg = Debug|Any CPU
		{58EA5F42-7B83-4305-944A-EB828AC7AA9A}.Debug|Any CPU.Build.0 = Debug|Any CPU
		{58EA5F42-7B83-4305-944A-EB828AC7AA9A}.Release|Any CPU.ActiveCfg = Release|Any CPU
		{58EA5F42-7B83-4305-944A-EB828AC7AA9A}.Release|Any CPU.Build.0 = Release|Any CPU
		{6FBF5CE5-0151-4A3F-9866-5881228D0240}.Debug|Any CPU.ActiveCfg = Debug|Any CPU
		{6FBF5CE5-0151-4A3F-9866-5881228D0240}.Debug|Any CPU.Build.0 = Debug|Any CPU
		{6FBF5CE5-0151-4A3F-9866-5881228D0240}.Release|Any CPU.ActiveCfg = Release|Any CPU
		{6FBF5CE5-0151-4A3F-9866-5881228D0240}.Release|Any CPU.Build.0 = Release|Any CPU
		{7BA0D998-ED35-4CCA-832C-2319019D09E3}.Debug|Any CPU.ActiveCfg = Debug|Any CPU
		{7BA0D998-ED35-4CCA-832C-2319019D09E3}.Debug|Any CPU.Build.0 = Debug|Any CPU
		{7BA0D998-ED35-4CCA-832C-2319019D09E3}.Release|Any CPU.ActiveCfg = Release|Any CPU
		{7BA0D998-ED35-4CCA-832C-2319019D09E3}.Release|Any CPU.Build.0 = Release|Any CPU
	EndGlobalSection
	GlobalSection(SolutionProperties) = preSolution
		HideSolutionNode = FALSE
	EndGlobalSection
EndGlobal
