
Microsoft Visual Studio Solution File, Format Version 12.00
# Visual Studio 2013
VisualStudioVersion = 12.0.31101.0
MinimumVisualStudioVersion = 10.0.40219.1
Project("{F2A71F9B-5D33-465A-A702-920D77279786}") = "sync.today", "sync.today\sync.today.fsproj", "{4C318047-CF31-4127-B5BA-0AB20671D10D}"
EndProject
Project("{2150E333-8FDC-42A3-9474-1A3956D46DE8}") = ".nuget", ".nuget", "{18C2CF0C-A7C9-43D3-86AA-B9FD7F2882FD}"
	ProjectSection(SolutionItems) = preProject
		.nuget\NuGet.Config = .nuget\NuGet.Config
		.nuget\NuGet.exe = .nuget\NuGet.exe
		.nuget\NuGet.targets = .nuget\NuGet.targets
		.nuget\packages.config = .nuget\packages.config
	EndProjectSection
EndProject
Project("{F2A71F9B-5D33-465A-A702-920D77279786}") = "sync.today.server", "sync.today.server\sync.today.server.fsproj", "{3E6572B4-1A61-4CA8-BB8F-3DCD1DB14B81}"
EndProject
Project("{F2A71F9B-5D33-465A-A702-920D77279786}") = "sync.today.service", "sync.today.service\sync.today.service.fsproj", "{5F16324D-034C-42C1-8A83-EABF82FB59A3}"
EndProject
Project("{2150E333-8FDC-42A3-9474-1A3956D46DE8}") = "Solution Items", "Solution Items", "{468B0A3F-DA87-4428-A816-51554CB52D16}"
	ProjectSection(SolutionItems) = preProject
		.travis.yml = .travis.yml
		create_azure_db.cmd = create_azure_db.cmd
		private\private.txt = private\private.txt
		Vagrantfile = Vagrantfile
	EndProjectSection
EndProject
Project("{F2A71F9B-5D33-465A-A702-920D77279786}") = "sync.today.tests", "sync.today.tests\sync.today.tests.fsproj", "{97081233-2678-432E-BCC8-C0E48C79691B}"
EndProject
Global
	GlobalSection(TeamFoundationVersionControl) = preSolution
		SccNumberOfProjects = 5
		SccEnterpriseProvider = {4CA58AB2-18FA-4F8D-95D4-32DDF27D184C}
		SccTeamFoundationServer = https://davidpodhola.visualstudio.com/defaultcollection
		SccLocalPath0 = .
		SccProjectUniqueName1 = sync.today\\sync.today.fsproj
		SccProjectName1 = sync.today
		SccLocalPath1 = sync.today
		SccProjectUniqueName2 = sync.today.server\\sync.today.server.fsproj
		SccProjectName2 = sync.today.server
		SccLocalPath2 = sync.today.server
		SccProjectUniqueName3 = sync.today.service\\sync.today.service.fsproj
		SccProjectName3 = sync.today.service
		SccLocalPath3 = sync.today.service
		SccProjectUniqueName4 = sync.today.tests\\sync.today.tests.fsproj
		SccProjectName4 = sync.today.tests
		SccLocalPath4 = sync.today.tests
	EndGlobalSection
	GlobalSection(SolutionConfigurationPlatforms) = preSolution
		Debug|Any CPU = Debug|Any CPU
		Release|Any CPU = Release|Any CPU
	EndGlobalSection
	GlobalSection(ProjectConfigurationPlatforms) = postSolution
		{4C318047-CF31-4127-B5BA-0AB20671D10D}.Debug|Any CPU.ActiveCfg = Debug|Any CPU
		{4C318047-CF31-4127-B5BA-0AB20671D10D}.Debug|Any CPU.Build.0 = Debug|Any CPU
		{4C318047-CF31-4127-B5BA-0AB20671D10D}.Release|Any CPU.ActiveCfg = Release|Any CPU
		{4C318047-CF31-4127-B5BA-0AB20671D10D}.Release|Any CPU.Build.0 = Release|Any CPU
		{3E6572B4-1A61-4CA8-BB8F-3DCD1DB14B81}.Debug|Any CPU.ActiveCfg = Debug|Any CPU
		{3E6572B4-1A61-4CA8-BB8F-3DCD1DB14B81}.Debug|Any CPU.Build.0 = Debug|Any CPU
		{3E6572B4-1A61-4CA8-BB8F-3DCD1DB14B81}.Release|Any CPU.ActiveCfg = Release|Any CPU
		{3E6572B4-1A61-4CA8-BB8F-3DCD1DB14B81}.Release|Any CPU.Build.0 = Release|Any CPU
		{5F16324D-034C-42C1-8A83-EABF82FB59A3}.Debug|Any CPU.ActiveCfg = Debug|Any CPU
		{5F16324D-034C-42C1-8A83-EABF82FB59A3}.Debug|Any CPU.Build.0 = Debug|Any CPU
		{5F16324D-034C-42C1-8A83-EABF82FB59A3}.Release|Any CPU.ActiveCfg = Release|Any CPU
		{5F16324D-034C-42C1-8A83-EABF82FB59A3}.Release|Any CPU.Build.0 = Release|Any CPU
		{97081233-2678-432E-BCC8-C0E48C79691B}.Debug|Any CPU.ActiveCfg = Debug|Any CPU
		{97081233-2678-432E-BCC8-C0E48C79691B}.Debug|Any CPU.Build.0 = Debug|Any CPU
		{97081233-2678-432E-BCC8-C0E48C79691B}.Release|Any CPU.ActiveCfg = Release|Any CPU
		{97081233-2678-432E-BCC8-C0E48C79691B}.Release|Any CPU.Build.0 = Release|Any CPU
	EndGlobalSection
	GlobalSection(SolutionProperties) = preSolution
		HideSolutionNode = FALSE
	EndGlobalSection
EndGlobal
