
Microsoft Visual Studio Solution File, Format Version 12.00
# Visual Studio 2013
VisualStudioVersion = 12.0.31101.0
MinimumVisualStudioVersion = 10.0.40219.1
Project("{2150E333-8FDC-42A3-9474-1A3956D46DE8}") = "Solution Items", "Solution Items", "{082A06C2-9B0D-41CB-9D29-C558FF63CC37}"
	ProjectSection(SolutionItems) = preProject
		about.md = about.md
		index.md = index.md
		install.md = install.md
		why_fsharp.md = why_fsharp.md
	EndProjectSection
EndProject
Global
	GlobalSection(SolutionProperties) = preSolution
		HideSolutionNode = FALSE
	EndGlobalSection
EndGlobal
