
Microsoft Visual Studio Solution File, Format Version 12.00
# Visual Studio 2013
VisualStudioVersion = 12.0.31101.0
MinimumVisualStudioVersion = 10.0.40219.1
Project("{F2A71F9B-5D33-465A-A702-920D77279786}") = "sync.today", "sync.today\sync.today.fsproj", "{4C318047-CF31-4127-B5BA-0AB20671D10D}"
EndProject
Project("{2150E333-8FDC-42A3-9474-1A3956D46DE8}") = ".nuget", ".nuget", "{18C2CF0C-A7C9-43D3-86AA-B9FD7F2882FD}"
	ProjectSection(SolutionItems) = preProject
		.nuget\NuGet.Config = .nuget\NuGet.Config
		.nuget\NuGet.exe = .nuget\NuGet.exe
		.nuget\NuGet.targets = .nuget\NuGet.targets
		.nuget\packages.config = .nuget\packages.config
	EndProjectSection
EndProject
Project("{F2A71F9B-5D33-465A-A702-920D77279786}") = "sync.today.server", "sync.today.server\sync.today.server.fsproj", "{3E6572B4-1A61-4CA8-BB8F-3DCD1DB14B81}"
EndProject
Project("{F2A71F9B-5D33-465A-A702-920D77279786}") = "sync.today.service", "sync.today.service\sync.today.service.fsproj", "{5F16324D-034C-42C1-8A83-EABF82FB59A3}"
EndProject
Project("{2150E333-8FDC-42A3-9474-1A3956D46DE8}") = "Solution Items", "Solution Items", "{468B0A3F-DA87-4428-A816-51554CB52D16}"
	ProjectSection(SolutionItems) = preProject
		.travis.yml = .travis.yml
		build.bat = build.bat
		create_azure_db.cmd = create_azure_db.cmd
		Vagrantfile = Vagrantfile
	EndProjectSection
EndProject
Project("{F2A71F9B-5D33-465A-A702-920D77279786}") = "sync.today.tests", "sync.today.tests\sync.today.tests.fsproj", "{97081233-2678-432E-BCC8-C0E48C79691B}"
EndProject
Project("{FAE04EC0-301F-11D3-BF4B-00C04F79EFBC}") = "sync.today.activities", "sync.today.activities\sync.today.activities.csproj", "{A803AD22-A749-4888-9313-2473BEA1AC00}"
EndProject
Project("{F2A71F9B-5D33-465A-A702-920D77279786}") = "sync.today.io.exchange", "sync.today.io.exchange\sync.today.io.exchange.fsproj", "{CAC1450D-D5E0-495E-819E-25D6325DB83C}"
EndProject
Project("{FAE04EC0-301F-11D3-BF4B-00C04F79EFBC}") = "sync.today.createdb.core", "tools\sync.today.createdb.core\sync.today.createdb.core.csproj", "{84227586-8B23-41EC-9BF5-1C4C5B1978BB}"
EndProject
Project("{FAE04EC0-301F-11D3-BF4B-00C04F79EFBC}") = "sync.today.io.exchange.activities", "sync.today.io.exchange.activities\sync.today.io.exchange.activities.csproj", "{56499506-EED3-44A3-B6FA-2E3ECBAA94A8}"
EndProject
Project("{FAE04EC0-301F-11D3-BF4B-00C04F79EFBC}") = "sync.today.cipher", "sync.today.cipher\sync.today.cipher.csproj", "{D2505DD2-584C-497F-AC50-2578DEEC73A5}"
EndProject
Project("{F2A71F9B-5D33-465A-A702-920D77279786}") = "sync.today.io.google", "sync.today.io.google\sync.today.io.google.fsproj", "{6F95896F-05B3-4AA6-97BB-3D7B89FA6C2F}"
EndProject
Project("{F2A71F9B-5D33-465A-A702-920D77279786}") = "sync.today.config", "sync.today.config\sync.today.config.fsproj", "{158CEEE1-8809-4E2B-993A-6D48E1A1D6C0}"
EndProject
Project("{2150E333-8FDC-42A3-9474-1A3956D46DE8}") = "sync.today.cipher", "sync.today.cipher", "{0974B39C-639A-4EA2-B846-F2DDDECC0CBD}"
	ProjectSection(SolutionItems) = preProject
		sync.today.cipher\pack.bat = sync.today.cipher\pack.bat
		sync.today.cipher\push.bat = sync.today.cipher\push.bat
	EndProjectSection
EndProject
Project("{2150E333-8FDC-42A3-9474-1A3956D46DE8}") = "sync.today.config", "sync.today.config", "{793FB2AF-4EF1-44B3-A734-5C3731460E1F}"
	ProjectSection(SolutionItems) = preProject
		sync.today.config\push.bat = sync.today.config\push.bat
		sync.today.config\sync.today.config.nuspec = sync.today.config\sync.today.config.nuspec
	EndProjectSection
EndProject
Project("{F2A71F9B-5D33-465A-A702-920D77279786}") = "sync.today.core", "sync.today.core\sync.today.core.fsproj", "{74718788-4C27-4402-8831-3AA504B7DC61}"
EndProject
Project("{F2A71F9B-5D33-465A-A702-920D77279786}") = "sync.today.ent.calendar", "sync.today.ent.calendar\sync.today.ent.calendar.fsproj", "{AABCB501-FE5C-4E33-A224-ACB6B1B47582}"
EndProject
Project("{FAE04EC0-301F-11D3-BF4B-00C04F79EFBC}") = "sync.today.ent.calendar.activities", "sync.today.ent.calendar.activities\sync.today.ent.calendar.activities.csproj", "{5B06CB34-0859-438A-9B3F-ECE56E19D61F}"
EndProject
Project("{2150E333-8FDC-42A3-9474-1A3956D46DE8}") = "Travis", "Travis", "{293D686E-7870-4183-9164-ED3CAB0F1E11}"
	ProjectSection(SolutionItems) = preProject
		.travis.yml = .travis.yml
		sync.today.core\sync.today.core.travis.fsproj = sync.today.core\sync.today.core.travis.fsproj
		sync.today.travis.sln = sync.today.travis.sln
	EndProjectSection
EndProject
Project("{FAE04EC0-301F-11D3-BF4B-00C04F79EFBC}") = "sync.today.orleans.devhost", "sync.today.orleans.devhost\sync.today.orleans.devhost.csproj", "{9186A7B9-68D6-4F9B-8DE9-43F89134EBAE}"
EndProject
Project("{F2A71F9B-5D33-465A-A702-920D77279786}") = "sync.today.orleans.grains", "sync.today.orleans.grains\sync.today.orleans.grains.fsproj", "{1F42592E-5C97-4BAE-BCB7-58029DB369DA}"
EndProject
Project("{FAE04EC0-301F-11D3-BF4B-00C04F79EFBC}") = "sync.today.orleans.interfaces", "sync.today.orleans.interfaces\sync.today.orleans.interfaces.csproj", "{8C17CBB5-9623-486C-B277-C56ECDA04260}"
EndProject
Project("{F2A71F9B-5D33-465A-A702-920D77279786}") = "sync.today.workflow.wf", "sync.today.workflow.wf\sync.today.workflow.wf.fsproj", "{56551A52-6F2E-4385-924E-27B6C1540DD7}"
EndProject
Project("{2150E333-8FDC-42A3-9474-1A3956D46DE8}") = "AppVeyor", "AppVeyor", "{DCA1CB47-44A2-491B-955E-18BECF9A3903}"
	ProjectSection(SolutionItems) = preProject
		sync.today.appveyor.sln = sync.today.appveyor.sln
	EndProjectSection
EndProject
Global
	GlobalSection(TeamFoundationVersionControl) = preSolution
		SccNumberOfProjects = 19
		SccEnterpriseProvider = {4CA58AB2-18FA-4F8D-95D4-32DDF27D184C}
		SccTeamFoundationServer = https://davidpodhola.visualstudio.com/defaultcollection
		SccLocalPath0 = .
		SccProjectUniqueName1 = sync.today\\sync.today.fsproj
		SccProjectName1 = sync.today
		SccLocalPath1 = sync.today
		SccProjectUniqueName2 = sync.today.server\\sync.today.server.fsproj
		SccProjectName2 = sync.today.server
		SccLocalPath2 = sync.today.server
		SccProjectUniqueName3 = sync.today.service\\sync.today.service.fsproj
		SccProjectName3 = sync.today.service
		SccLocalPath3 = sync.today.service
		SccProjectUniqueName4 = sync.today.tests\\sync.today.tests.fsproj
		SccProjectName4 = sync.today.tests
		SccLocalPath4 = sync.today.tests
		SccProjectUniqueName5 = sync.today.activities\\sync.today.activities.csproj
		SccProjectName5 = sync.today.activities
		SccLocalPath5 = sync.today.activities
		SccProjectUniqueName6 = sync.today.io.exchange\\sync.today.io.exchange.fsproj
		SccProjectName6 = sync.today.io.exchange
		SccLocalPath6 = sync.today.io.exchange
		SccProjectUniqueName7 = tools\\sync.today.createdb.core\\sync.today.createdb.core.csproj
		SccProjectName7 = tools/sync.today.createdb.core
		SccLocalPath7 = tools\\sync.today.createdb.core
		SccProjectUniqueName8 = sync.today.io.exchange.activities\\sync.today.io.exchange.activities.csproj
		SccProjectName8 = sync.today.io.exchange.activities
		SccLocalPath8 = sync.today.io.exchange.activities
		SccProjectUniqueName9 = sync.today.cipher\\sync.today.cipher.csproj
		SccProjectName9 = sync.today.cipher
		SccLocalPath9 = sync.today.cipher
		SccProjectUniqueName10 = sync.today.io.google\\sync.today.io.google.fsproj
		SccProjectName10 = sync.today.io.google
		SccLocalPath10 = sync.today.io.google
		SccProjectUniqueName11 = sync.today.config\\sync.today.config.fsproj
		SccProjectName11 = sync.today.config
		SccLocalPath11 = sync.today.config
		SccProjectUniqueName12 = sync.today.core\\sync.today.core.fsproj
		SccProjectName12 = sync.today.core
		SccLocalPath12 = sync.today.core
		SccProjectUniqueName13 = sync.today.ent.calendar\\sync.today.ent.calendar.fsproj
		SccProjectName13 = sync.today.ent.calendar
		SccLocalPath13 = sync.today.ent.calendar
		SccProjectUniqueName14 = sync.today.ent.calendar.activities\\sync.today.ent.calendar.activities.csproj
		SccProjectName14 = sync.today.ent.calendar.activities
		SccLocalPath14 = sync.today.ent.calendar.activities
		SccProjectUniqueName15 = sync.today.orleans.devhost\\sync.today.orleans.devhost.csproj
		SccProjectName15 = sync.today.orleans.devhost
		SccLocalPath15 = sync.today.orleans.devhost
		SccProjectUniqueName16 = sync.today.orleans.grains\\sync.today.orleans.grains.fsproj
		SccProjectName16 = sync.today.orleans.grains
		SccLocalPath16 = sync.today.orleans.grains
		SccProjectUniqueName17 = sync.today.orleans.interfaces\\sync.today.orleans.interfaces.csproj
		SccProjectName17 = sync.today.orleans.interfaces
		SccLocalPath17 = sync.today.orleans.interfaces
		SccProjectUniqueName18 = sync.today.workflow.wf\\sync.today.workflow.wf.fsproj
		SccProjectName18 = sync.today.workflow.wf
		SccLocalPath18 = sync.today.workflow.wf
	EndGlobalSection
	GlobalSection(SolutionConfigurationPlatforms) = preSolution
		Debug|Any CPU = Debug|Any CPU
		Release|Any CPU = Release|Any CPU
	EndGlobalSection
	GlobalSection(ProjectConfigurationPlatforms) = postSolution
		{4C318047-CF31-4127-B5BA-0AB20671D10D}.Debug|Any CPU.ActiveCfg = Debug|Any CPU
		{4C318047-CF31-4127-B5BA-0AB20671D10D}.Debug|Any CPU.Build.0 = Debug|Any CPU
		{4C318047-CF31-4127-B5BA-0AB20671D10D}.Release|Any CPU.ActiveCfg = Release|Any CPU
		{4C318047-CF31-4127-B5BA-0AB20671D10D}.Release|Any CPU.Build.0 = Release|Any CPU
		{3E6572B4-1A61-4CA8-BB8F-3DCD1DB14B81}.Debug|Any CPU.ActiveCfg = Debug|Any CPU
		{3E6572B4-1A61-4CA8-BB8F-3DCD1DB14B81}.Debug|Any CPU.Build.0 = Debug|Any CPU
		{3E6572B4-1A61-4CA8-BB8F-3DCD1DB14B81}.Release|Any CPU.ActiveCfg = Release|Any CPU
		{3E6572B4-1A61-4CA8-BB8F-3DCD1DB14B81}.Release|Any CPU.Build.0 = Release|Any CPU
		{5F16324D-034C-42C1-8A83-EABF82FB59A3}.Debug|Any CPU.ActiveCfg = Debug|Any CPU
		{5F16324D-034C-42C1-8A83-EABF82FB59A3}.Debug|Any CPU.Build.0 = Debug|Any CPU
		{5F16324D-034C-42C1-8A83-EABF82FB59A3}.Release|Any CPU.ActiveCfg = Release|Any CPU
		{5F16324D-034C-42C1-8A83-EABF82FB59A3}.Release|Any CPU.Build.0 = Release|Any CPU
		{97081233-2678-432E-BCC8-C0E48C79691B}.Debug|Any CPU.ActiveCfg = Debug|Any CPU
		{97081233-2678-432E-BCC8-C0E48C79691B}.Debug|Any CPU.Build.0 = Debug|Any CPU
		{97081233-2678-432E-BCC8-C0E48C79691B}.Release|Any CPU.ActiveCfg = Release|Any CPU
		{97081233-2678-432E-BCC8-C0E48C79691B}.Release|Any CPU.Build.0 = Release|Any CPU
		{A803AD22-A749-4888-9313-2473BEA1AC00}.Debug|Any CPU.ActiveCfg = Debug|Any CPU
		{A803AD22-A749-4888-9313-2473BEA1AC00}.Debug|Any CPU.Build.0 = Debug|Any CPU
		{A803AD22-A749-4888-9313-2473BEA1AC00}.Release|Any CPU.ActiveCfg = Release|Any CPU
		{A803AD22-A749-4888-9313-2473BEA1AC00}.Release|Any CPU.Build.0 = Release|Any CPU
		{CAC1450D-D5E0-495E-819E-25D6325DB83C}.Debug|Any CPU.ActiveCfg = Debug|Any CPU
		{CAC1450D-D5E0-495E-819E-25D6325DB83C}.Debug|Any CPU.Build.0 = Debug|Any CPU
		{CAC1450D-D5E0-495E-819E-25D6325DB83C}.Release|Any CPU.ActiveCfg = Release|Any CPU
		{CAC1450D-D5E0-495E-819E-25D6325DB83C}.Release|Any CPU.Build.0 = Release|Any CPU
		{84227586-8B23-41EC-9BF5-1C4C5B1978BB}.Debug|Any CPU.ActiveCfg = Debug|Any CPU
		{84227586-8B23-41EC-9BF5-1C4C5B1978BB}.Debug|Any CPU.Build.0 = Debug|Any CPU
		{84227586-8B23-41EC-9BF5-1C4C5B1978BB}.Release|Any CPU.ActiveCfg = Release|Any CPU
		{84227586-8B23-41EC-9BF5-1C4C5B1978BB}.Release|Any CPU.Build.0 = Release|Any CPU
		{56499506-EED3-44A3-B6FA-2E3ECBAA94A8}.Debug|Any CPU.ActiveCfg = Debug|Any CPU
		{56499506-EED3-44A3-B6FA-2E3ECBAA94A8}.Debug|Any CPU.Build.0 = Debug|Any CPU
		{56499506-EED3-44A3-B6FA-2E3ECBAA94A8}.Release|Any CPU.ActiveCfg = Release|Any CPU
		{56499506-EED3-44A3-B6FA-2E3ECBAA94A8}.Release|Any CPU.Build.0 = Release|Any CPU
		{D2505DD2-584C-497F-AC50-2578DEEC73A5}.Debug|Any CPU.ActiveCfg = Debug|Any CPU
		{D2505DD2-584C-497F-AC50-2578DEEC73A5}.Debug|Any CPU.Build.0 = Debug|Any CPU
		{D2505DD2-584C-497F-AC50-2578DEEC73A5}.Release|Any CPU.ActiveCfg = Release|Any CPU
		{D2505DD2-584C-497F-AC50-2578DEEC73A5}.Release|Any CPU.Build.0 = Release|Any CPU
		{6F95896F-05B3-4AA6-97BB-3D7B89FA6C2F}.Debug|Any CPU.ActiveCfg = Debug|Any CPU
		{6F95896F-05B3-4AA6-97BB-3D7B89FA6C2F}.Debug|Any CPU.Build.0 = Debug|Any CPU
		{6F95896F-05B3-4AA6-97BB-3D7B89FA6C2F}.Release|Any CPU.ActiveCfg = Release|Any CPU
		{6F95896F-05B3-4AA6-97BB-3D7B89FA6C2F}.Release|Any CPU.Build.0 = Release|Any CPU
		{158CEEE1-8809-4E2B-993A-6D48E1A1D6C0}.Debug|Any CPU.ActiveCfg = Debug|Any CPU
		{158CEEE1-8809-4E2B-993A-6D48E1A1D6C0}.Debug|Any CPU.Build.0 = Debug|Any CPU
		{158CEEE1-8809-4E2B-993A-6D48E1A1D6C0}.Release|Any CPU.ActiveCfg = Release|Any CPU
		{158CEEE1-8809-4E2B-993A-6D48E1A1D6C0}.Release|Any CPU.Build.0 = Release|Any CPU
		{74718788-4C27-4402-8831-3AA504B7DC61}.Debug|Any CPU.ActiveCfg = Debug|Any CPU
		{74718788-4C27-4402-8831-3AA504B7DC61}.Debug|Any CPU.Build.0 = Debug|Any CPU
		{74718788-4C27-4402-8831-3AA504B7DC61}.Release|Any CPU.ActiveCfg = Release|Any CPU
		{74718788-4C27-4402-8831-3AA504B7DC61}.Release|Any CPU.Build.0 = Release|Any CPU
		{AABCB501-FE5C-4E33-A224-ACB6B1B47582}.Debug|Any CPU.ActiveCfg = Debug|Any CPU
		{AABCB501-FE5C-4E33-A224-ACB6B1B47582}.Debug|Any CPU.Build.0 = Debug|Any CPU
		{AABCB501-FE5C-4E33-A224-ACB6B1B47582}.Release|Any CPU.ActiveCfg = Release|Any CPU
		{AABCB501-FE5C-4E33-A224-ACB6B1B47582}.Release|Any CPU.Build.0 = Release|Any CPU
		{5B06CB34-0859-438A-9B3F-ECE56E19D61F}.Debug|Any CPU.ActiveCfg = Debug|Any CPU
		{5B06CB34-0859-438A-9B3F-ECE56E19D61F}.Debug|Any CPU.Build.0 = Debug|Any CPU
		{5B06CB34-0859-438A-9B3F-ECE56E19D61F}.Release|Any CPU.ActiveCfg = Release|Any CPU
		{5B06CB34-0859-438A-9B3F-ECE56E19D61F}.Release|Any CPU.Build.0 = Release|Any CPU
		{9186A7B9-68D6-4F9B-8DE9-43F89134EBAE}.Debug|Any CPU.ActiveCfg = Debug|Any CPU
		{9186A7B9-68D6-4F9B-8DE9-43F89134EBAE}.Debug|Any CPU.Build.0 = Debug|Any CPU
		{9186A7B9-68D6-4F9B-8DE9-43F89134EBAE}.Release|Any CPU.ActiveCfg = Release|Any CPU
		{9186A7B9-68D6-4F9B-8DE9-43F89134EBAE}.Release|Any CPU.Build.0 = Release|Any CPU
		{1F42592E-5C97-4BAE-BCB7-58029DB369DA}.Debug|Any CPU.ActiveCfg = Debug|Any CPU
		{1F42592E-5C97-4BAE-BCB7-58029DB369DA}.Debug|Any CPU.Build.0 = Debug|Any CPU
		{1F42592E-5C97-4BAE-BCB7-58029DB369DA}.Release|Any CPU.ActiveCfg = Release|Any CPU
		{1F42592E-5C97-4BAE-BCB7-58029DB369DA}.Release|Any CPU.Build.0 = Release|Any CPU
		{8C17CBB5-9623-486C-B277-C56ECDA04260}.Debug|Any CPU.ActiveCfg = Debug|Any CPU
		{8C17CBB5-9623-486C-B277-C56ECDA04260}.Debug|Any CPU.Build.0 = Debug|Any CPU
		{8C17CBB5-9623-486C-B277-C56ECDA04260}.Release|Any CPU.ActiveCfg = Release|Any CPU
		{8C17CBB5-9623-486C-B277-C56ECDA04260}.Release|Any CPU.Build.0 = Release|Any CPU
		{56551A52-6F2E-4385-924E-27B6C1540DD7}.Debug|Any CPU.ActiveCfg = Debug|Any CPU
		{56551A52-6F2E-4385-924E-27B6C1540DD7}.Debug|Any CPU.Build.0 = Debug|Any CPU
		{56551A52-6F2E-4385-924E-27B6C1540DD7}.Release|Any CPU.ActiveCfg = Release|Any CPU
		{56551A52-6F2E-4385-924E-27B6C1540DD7}.Release|Any CPU.Build.0 = Release|Any CPU
	EndGlobalSection
	GlobalSection(SolutionProperties) = preSolution
		HideSolutionNode = FALSE
	EndGlobalSection
	GlobalSection(NestedProjects) = preSolution
		{0974B39C-639A-4EA2-B846-F2DDDECC0CBD} = {468B0A3F-DA87-4428-A816-51554CB52D16}
		{793FB2AF-4EF1-44B3-A734-5C3731460E1F} = {468B0A3F-DA87-4428-A816-51554CB52D16}
		{293D686E-7870-4183-9164-ED3CAB0F1E11} = {468B0A3F-DA87-4428-A816-51554CB52D16}
		{DCA1CB47-44A2-491B-955E-18BECF9A3903} = {468B0A3F-DA87-4428-A816-51554CB52D16}
	EndGlobalSection
EndGlobal
