
Microsoft Visual Studio Solution File, Format Version 12.00
# Visual Studio 2013
VisualStudioVersion = 12.0.31101.0
MinimumVisualStudioVersion = 10.0.40219.1
Project("{2150E333-8FDC-42A3-9474-1A3956D46DE8}") = "Solution Items", "Solution Items", "{082A06C2-9B0D-41CB-9D29-C558FF63CC37}"
	ProjectSection(SolutionItems) = preProject
		about.md = about.md
		configuration.md = configuration.md
		create_database.md = create_database.md
		index.md = index.md
		install.md = install.md
		running.md = running.md
		why_fsharp.md = why_fsharp.md
	EndProjectSection
EndProject
Project("{2150E333-8FDC-42A3-9474-1A3956D46DE8}") = "images", "images", "{43C43527-0D0D-4310-A30B-DC4296509A48}"
	ProjectSection(SolutionItems) = preProject
		images\1run_cmd_as_admin.png = images\1run_cmd_as_admin.png
		images\2achoco_upgrade.PNG = images\2achoco_upgrade.PNG
		images\2choco_installed.png = images\2choco_installed.png
		images\3synctoday_installed.png = images\3synctoday_installed.png
		images\4orleans_installed.png = images\4orleans_installed.png
	EndProjectSection
EndProject
Global
	GlobalSection(SolutionProperties) = preSolution
		HideSolutionNode = FALSE
	EndGlobalSection
EndGlobal
