
Microsoft Visual Studio Solution File, Format Version 12.00
# Visual Studio 2013
VisualStudioVersion = 12.0.31101.0
MinimumVisualStudioVersion = 10.0.40219.1
Project("{F2A71F9B-5D33-465A-A702-920D77279786}") = "sync.today.workflowmgr", "sync.today.workflowmgr\sync.today.workflowmgr.fsproj", "{A07A719A-78E1-488D-A7C9-BF42ADFA0983}"
EndProject
Global
	GlobalSection(TeamFoundationVersionControl) = preSolution
		SccNumberOfProjects = 2
		SccEnterpriseProvider = {4CA58AB2-18FA-4F8D-95D4-32DDF27D184C}
		SccTeamFoundationServer = https://davidpodhola.visualstudio.com/defaultcollection
		SccLocalPath0 = .
		SccProjectUniqueName1 = sync.today.workflowmgr\\sync.today.workflowmgr.fsproj
		SccProjectName1 = sync.today.workflowmgr
		SccLocalPath1 = sync.today.workflowmgr
	EndGlobalSection
	GlobalSection(SolutionConfigurationPlatforms) = preSolution
		Debug|Any CPU = Debug|Any CPU
		Release|Any CPU = Release|Any CPU
	EndGlobalSection
	GlobalSection(ProjectConfigurationPlatforms) = postSolution
		{A07A719A-78E1-488D-A7C9-BF42ADFA0983}.Debug|Any CPU.ActiveCfg = Debug|Any CPU
		{A07A719A-78E1-488D-A7C9-BF42ADFA0983}.Debug|Any CPU.Build.0 = Debug|Any CPU
		{A07A719A-78E1-488D-A7C9-BF42ADFA0983}.Release|Any CPU.ActiveCfg = Release|Any CPU
		{A07A719A-78E1-488D-A7C9-BF42ADFA0983}.Release|Any CPU.Build.0 = Release|Any CPU
	EndGlobalSection
	GlobalSection(SolutionProperties) = preSolution
		HideSolutionNode = FALSE
	EndGlobalSection
EndGlobal
