
Microsoft Visual Studio Solution File, Format Version 12.00
# Visual Studio 2013
VisualStudioVersion = 12.0.31101.0
MinimumVisualStudioVersion = 10.0.40219.1
Project("{F2A71F9B-5D33-465A-A702-920D77279786}") = "sync.today.workflowmgr", "sync.today.workflowmgr\sync.today.workflowmgr.fsproj", "{A07A719A-78E1-488D-A7C9-BF42ADFA0983}"
EndProject
Project("{F2A71F9B-5D33-465A-A702-920D77279786}") = "sync.today.core", "..\..\sync.today.core\sync.today.core.fsproj", "{74718788-4C27-4402-8831-3AA504B7DC61}"
EndProject
Project("{2150E333-8FDC-42A3-9474-1A3956D46DE8}") = ".nuget", ".nuget", "{4BB958BC-999D-4322-B851-EAD84522B720}"
	ProjectSection(SolutionItems) = preProject
		.nuget\NuGet.Config = .nuget\NuGet.Config
		.nuget\NuGet.exe = .nuget\NuGet.exe
		.nuget\NuGet.targets = .nuget\NuGet.targets
	EndProjectSection
EndProject
Project("{F2A71F9B-5D33-465A-A702-920D77279786}") = "sync.today.config", "..\..\sync.today.config\sync.today.config.fsproj", "{158CEEE1-8809-4E2B-993A-6D48E1A1D6C0}"
EndProject
Global
	GlobalSection(TeamFoundationVersionControl) = preSolution
		SccNumberOfProjects = 4
		SccEnterpriseProvider = {4CA58AB2-18FA-4F8D-95D4-32DDF27D184C}
		SccTeamFoundationServer = https://davidpodhola.visualstudio.com/defaultcollection
		SccLocalPath0 = .
		SccProjectUniqueName1 = sync.today.workflowmgr\\sync.today.workflowmgr.fsproj
		SccProjectName1 = sync.today.workflowmgr
		SccLocalPath1 = sync.today.workflowmgr
		SccProjectUniqueName2 = ..\\..\\sync.today.core\\sync.today.core.fsproj
		SccProjectName2 = ../../sync.today.core
		SccLocalPath2 = ..\\..\\sync.today.core
		SccProjectUniqueName3 = ..\\..\\sync.today.config\\sync.today.config.fsproj
		SccProjectName3 = ../../sync.today.config
		SccLocalPath3 = ..\\..\\sync.today.config
	EndGlobalSection
	GlobalSection(SolutionConfigurationPlatforms) = preSolution
		Debug|Any CPU = Debug|Any CPU
		Release|Any CPU = Release|Any CPU
	EndGlobalSection
	GlobalSection(ProjectConfigurationPlatforms) = postSolution
		{A07A719A-78E1-488D-A7C9-BF42ADFA0983}.Debug|Any CPU.ActiveCfg = Debug|Any CPU
		{A07A719A-78E1-488D-A7C9-BF42ADFA0983}.Debug|Any CPU.Build.0 = Debug|Any CPU
		{A07A719A-78E1-488D-A7C9-BF42ADFA0983}.Release|Any CPU.ActiveCfg = Release|Any CPU
		{A07A719A-78E1-488D-A7C9-BF42ADFA0983}.Release|Any CPU.Build.0 = Release|Any CPU
		{74718788-4C27-4402-8831-3AA504B7DC61}.Debug|Any CPU.ActiveCfg = Debug|Any CPU
		{74718788-4C27-4402-8831-3AA504B7DC61}.Debug|Any CPU.Build.0 = Debug|Any CPU
		{74718788-4C27-4402-8831-3AA504B7DC61}.Release|Any CPU.ActiveCfg = Release|Any CPU
		{74718788-4C27-4402-8831-3AA504B7DC61}.Release|Any CPU.Build.0 = Release|Any CPU
		{158CEEE1-8809-4E2B-993A-6D48E1A1D6C0}.Debug|Any CPU.ActiveCfg = Debug|Any CPU
		{158CEEE1-8809-4E2B-993A-6D48E1A1D6C0}.Debug|Any CPU.Build.0 = Debug|Any CPU
		{158CEEE1-8809-4E2B-993A-6D48E1A1D6C0}.Release|Any CPU.ActiveCfg = Release|Any CPU
		{158CEEE1-8809-4E2B-993A-6D48E1A1D6C0}.Release|Any CPU.Build.0 = Release|Any CPU
	EndGlobalSection
	GlobalSection(SolutionProperties) = preSolution
		HideSolutionNode = FALSE
	EndGlobalSection
EndGlobal
