
Microsoft Visual Studio Solution File, Format Version 12.00
# Visual Studio 2013
VisualStudioVersion = 12.0.31101.0
MinimumVisualStudioVersion = 10.0.40219.1
Project("{F2A71F9B-5D33-465A-A702-920D77279786}") = "sync.today.searchreplace", "sync.today.searchreplace\sync.today.searchreplace.fsproj", "{B0552AB2-7475-4C38-92CB-42A65E8052AC}"
EndProject
Global
	GlobalSection(TeamFoundationVersionControl) = preSolution
		SccNumberOfProjects = 2
		SccEnterpriseProvider = {4CA58AB2-18FA-4F8D-95D4-32DDF27D184C}
		SccTeamFoundationServer = https://davidpodhola.visualstudio.com/defaultcollection
		SccLocalPath0 = .
		SccProjectUniqueName1 = sync.today.searchreplace\\sync.today.searchreplace.fsproj
		SccProjectName1 = sync.today.searchreplace
		SccLocalPath1 = sync.today.searchreplace
	EndGlobalSection
	GlobalSection(SolutionConfigurationPlatforms) = preSolution
		Debug|Any CPU = Debug|Any CPU
		Release|Any CPU = Release|Any CPU
	EndGlobalSection
	GlobalSection(ProjectConfigurationPlatforms) = postSolution
		{B0552AB2-7475-4C38-92CB-42A65E8052AC}.Debug|Any CPU.ActiveCfg = Debug|Any CPU
		{B0552AB2-7475-4C38-92CB-42A65E8052AC}.Debug|Any CPU.Build.0 = Debug|Any CPU
		{B0552AB2-7475-4C38-92CB-42A65E8052AC}.Release|Any CPU.ActiveCfg = Release|Any CPU
		{B0552AB2-7475-4C38-92CB-42A65E8052AC}.Release|Any CPU.Build.0 = Release|Any CPU
	EndGlobalSection
	GlobalSection(SolutionProperties) = preSolution
		HideSolutionNode = FALSE
	EndGlobalSection
EndGlobal
